// !$*UTF8*$!
{
	archiveVersion = 1;
	classes = {
	};
	objectVersion = 51;
	objects = {

/* Begin PBXBuildFile section */
		7553C7A022CDD0770058239B /* AppDelegate.swift in Sources */ = {isa = PBXBuildFile; fileRef = 7553C79F22CDD0770058239B /* AppDelegate.swift */; };
		7553C7A722CDD0780058239B /* Assets.xcassets in Resources */ = {isa = PBXBuildFile; fileRef = 7553C7A622CDD0780058239B /* Assets.xcassets */; };
		7553C7B322CDD0CB0058239B /* QXLabel.swift in Sources */ = {isa = PBXBuildFile; fileRef = 7553C7B222CDD0CB0058239B /* QXLabel.swift */; };
		7553C7B522CDD2170058239B /* ViewController.swift in Sources */ = {isa = PBXBuildFile; fileRef = 7553C7B422CDD2170058239B /* ViewController.swift */; };
		7EC4631DB6E26B126A58DD9E /* Pods_QXTextView.framework in Frameworks */ = {isa = PBXBuildFile; fileRef = 2376023A8C9AFE5416758E25 /* Pods_QXTextView.framework */; };
/* End PBXBuildFile section */

/* Begin PBXFileReference section */
		2376023A8C9AFE5416758E25 /* Pods_QXTextView.framework */ = {isa = PBXFileReference; explicitFileType = wrapper.framework; includeInIndex = 0; path = Pods_QXTextView.framework; sourceTree = BUILT_PRODUCTS_DIR; };
		7553C79C22CDD0770058239B /* QXTextView.app */ = {isa = PBXFileReference; explicitFileType = wrapper.application; includeInIndex = 0; path = QXTextView.app; sourceTree = BUILT_PRODUCTS_DIR; };
		7553C79F22CDD0770058239B /* AppDelegate.swift */ = {isa = PBXFileReference; lastKnownFileType = sourcecode.swift; path = AppDelegate.swift; sourceTree = "<group>"; };
		7553C7A622CDD0780058239B /* Assets.xcassets */ = {isa = PBXFileReference; lastKnownFileType = folder.assetcatalog; path = Assets.xcassets; sourceTree = "<group>"; };
		7553C7AB22CDD0780058239B /* Info.plist */ = {isa = PBXFileReference; lastKnownFileType = text.plist.xml; path = Info.plist; sourceTree = "<group>"; };
		7553C7B222CDD0CB0058239B /* QXLabel.swift */ = {isa = PBXFileReference; fileEncoding = 4; lastKnownFileType = sourcecode.swift; path = QXLabel.swift; sourceTree = "<group>"; };
		7553C7B422CDD2170058239B /* ViewController.swift */ = {isa = PBXFileReference; fileEncoding = 4; lastKnownFileType = sourcecode.swift; path = ViewController.swift; sourceTree = "<group>"; };
		A8E47BE4E0F1E20DC3CD5DD9 /* Pods-QXTextView.release.xcconfig */ = {isa = PBXFileReference; includeInIndex = 1; lastKnownFileType = text.xcconfig; name = "Pods-QXTextView.release.xcconfig"; path = "Target Support Files/Pods-QXTextView/Pods-QXTextView.release.xcconfig"; sourceTree = "<group>"; };
		F655F9EC8B8281E25C9D177C /* Pods-QXTextView.debug.xcconfig */ = {isa = PBXFileReference; includeInIndex = 1; lastKnownFileType = text.xcconfig; name = "Pods-QXTextView.debug.xcconfig"; path = "Target Support Files/Pods-QXTextView/Pods-QXTextView.debug.xcconfig"; sourceTree = "<group>"; };
/* End PBXFileReference section */

/* Begin PBXFrameworksBuildPhase section */
		7553C79922CDD0770058239B /* Frameworks */ = {
			isa = PBXFrameworksBuildPhase;
			buildActionMask = 2147483647;
			files = (
				7EC4631DB6E26B126A58DD9E /* Pods_QXTextView.framework in Frameworks */,
			);
			runOnlyForDeploymentPostprocessing = 0;
		};
/* End PBXFrameworksBuildPhase section */

/* Begin PBXGroup section */
		1B1FCC9C0ADF603299CE82B0 /* Frameworks */ = {
			isa = PBXGroup;
			children = (
				2376023A8C9AFE5416758E25 /* Pods_QXTextView.framework */,
			);
			name = Frameworks;
			sourceTree = "<group>";
		};
		7553C79322CDD0770058239B = {
			isa = PBXGroup;
			children = (
				7553C79E22CDD0770058239B /* QXTextView */,
				7553C79D22CDD0770058239B /* Products */,
				853A0CC56B9F00077E2A04F5 /* Pods */,
				1B1FCC9C0ADF603299CE82B0 /* Frameworks */,
			);
			sourceTree = "<group>";
		};
		7553C79D22CDD0770058239B /* Products */ = {
			isa = PBXGroup;
			children = (
				7553C79C22CDD0770058239B /* QXTextView.app */,
			);
			name = Products;
			sourceTree = "<group>";
		};
		7553C79E22CDD0770058239B /* QXTextView */ = {
			isa = PBXGroup;
			children = (
				7553C79F22CDD0770058239B /* AppDelegate.swift */,
				7553C7B422CDD2170058239B /* ViewController.swift */,
				7553C7B122CDD0AE0058239B /* QXTextView */,
				7553C7A622CDD0780058239B /* Assets.xcassets */,
				7553C7AB22CDD0780058239B /* Info.plist */,
			);
			path = QXTextView;
			sourceTree = "<group>";
		};
		7553C7B122CDD0AE0058239B /* QXTextView */ = {
			isa = PBXGroup;
			children = (
				7553C7B222CDD0CB0058239B /* QXLabel.swift */,
			);
			path = QXTextView;
			sourceTree = "<group>";
		};
		853A0CC56B9F00077E2A04F5 /* Pods */ = {
			isa = PBXGroup;
			children = (
				F655F9EC8B8281E25C9D177C /* Pods-QXTextView.debug.xcconfig */,
				A8E47BE4E0F1E20DC3CD5DD9 /* Pods-QXTextView.release.xcconfig */,
			);
			path = Pods;
			sourceTree = "<group>";
		};
/* End PBXGroup section */

/* Begin PBXNativeTarget section */
		7553C79B22CDD0770058239B /* QXTextView */ = {
			isa = PBXNativeTarget;
			buildConfigurationList = 7553C7AE22CDD0780058239B /* Build configuration list for PBXNativeTarget "QXTextView" */;
			buildPhases = (
				7E94E1B3BB680A125F092067 /* [CP] Check Pods Manifest.lock */,
				7553C79822CDD0770058239B /* Sources */,
				7553C79922CDD0770058239B /* Frameworks */,
				7553C79A22CDD0770058239B /* Resources */,
				940D6D52AB543543623D2532 /* [CP] Embed Pods Frameworks */,
			);
			buildRules = (
			);
			dependencies = (
			);
			name = QXTextView;
			productName = QXTextView;
			productReference = 7553C79C22CDD0770058239B /* QXTextView.app */;
			productType = "com.apple.product-type.application";
		};
/* End PBXNativeTarget section */

/* Begin PBXProject section */
		7553C79422CDD0770058239B /* Project object */ = {
			isa = PBXProject;
			attributes = {
				LastSwiftUpdateCheck = 1020;
				LastUpgradeCheck = 1020;
				ORGANIZATIONNAME = labi3285_lab;
				TargetAttributes = {
					7553C79B22CDD0770058239B = {
						CreatedOnToolsVersion = 10.2.1;
					};
				};
			};
			buildConfigurationList = 7553C79722CDD0770058239B /* Build configuration list for PBXProject "QXTextView" */;
			compatibilityVersion = "Xcode 9.3";
			developmentRegion = en;
			hasScannedForEncodings = 0;
			knownRegions = (
				en,
				Base,
			);
			mainGroup = 7553C79322CDD0770058239B;
			productRefGroup = 7553C79D22CDD0770058239B /* Products */;
			projectDirPath = "";
			projectRoot = "";
			targets = (
				7553C79B22CDD0770058239B /* QXTextView */,
			);
		};
/* End PBXProject section */

/* Begin PBXResourcesBuildPhase section */
		7553C79A22CDD0770058239B /* Resources */ = {
			isa = PBXResourcesBuildPhase;
			buildActionMask = 2147483647;
			files = (
				7553C7A722CDD0780058239B /* Assets.xcassets in Resources */,
			);
			runOnlyForDeploymentPostprocessing = 0;
		};
/* End PBXResourcesBuildPhase section */

/* Begin PBXShellScriptBuildPhase section */
		7E94E1B3BB680A125F092067 /* [CP] Check Pods Manifest.lock */ = {
			isa = PBXShellScriptBuildPhase;
			buildActionMask = 2147483647;
			files = (
			);
			inputFileListPaths = (
			);
			inputPaths = (
				"${PODS_PODFILE_DIR_PATH}/Podfile.lock",
				"${PODS_ROOT}/Manifest.lock",
			);
			name = "[CP] Check Pods Manifest.lock";
			outputFileListPaths = (
			);
			outputPaths = (
				"$(DERIVED_FILE_DIR)/Pods-QXTextView-checkManifestLockResult.txt",
			);
			runOnlyForDeploymentPostprocessing = 0;
			shellPath = /bin/sh;
			shellScript = "diff \"${PODS_PODFILE_DIR_PATH}/Podfile.lock\" \"${PODS_ROOT}/Manifest.lock\" > /dev/null\nif [ $? != 0 ] ; then\n    # print error to STDERR\n    echo \"error: The sandbox is not in sync with the Podfile.lock. Run 'pod install' or update your CocoaPods installation.\" >&2\n    exit 1\nfi\n# This output is used by Xcode 'outputs' to avoid re-running this script phase.\necho \"SUCCESS\" > \"${SCRIPT_OUTPUT_FILE_0}\"\n";
			showEnvVarsInLog = 0;
		};
		940D6D52AB543543623D2532 /* [CP] Embed Pods Frameworks */ = {
			isa = PBXShellScriptBuildPhase;
			buildActionMask = 2147483647;
			files = (
			);
			inputFileListPaths = (
				"${PODS_ROOT}/Target Support Files/Pods-QXTextView/Pods-QXTextView-frameworks-${CONFIGURATION}-input-files.xcfilelist",
			);
			name = "[CP] Embed Pods Frameworks";
			outputFileListPaths = (
				"${PODS_ROOT}/Target Support Files/Pods-QXTextView/Pods-QXTextView-frameworks-${CONFIGURATION}-output-files.xcfilelist",
			);
			runOnlyForDeploymentPostprocessing = 0;
			shellPath = /bin/sh;
			shellScript = "\"${PODS_ROOT}/Target Support Files/Pods-QXTextView/Pods-QXTextView-frameworks.sh\"\n";
			showEnvVarsInLog = 0;
		};
/* End PBXShellScriptBuildPhase section */

/* Begin PBXSourcesBuildPhase section */
		7553C79822CDD0770058239B /* Sources */ = {
			isa = PBXSourcesBuildPhase;
			buildActionMask = 2147483647;
			files = (
				7553C7B522CDD2170058239B /* ViewController.swift in Sources */,
				7553C7A022CDD0770058239B /* AppDelegate.swift in Sources */,
				7553C7B322CDD0CB0058239B /* QXLabel.swift in Sources */,
			);
			runOnlyForDeploymentPostprocessing = 0;
		};
/* End PBXSourcesBuildPhase section */

/* Begin XCBuildConfiguration section */
		7553C7AC22CDD0780058239B /* Debug */ = {
			isa = XCBuildConfiguration;
			buildSettings = {
				ALWAYS_SEARCH_USER_PATHS = NO;
				CLANG_ANALYZER_NONNULL = YES;
				CLANG_ANALYZER_NUMBER_OBJECT_CONVERSION = YES_AGGRESSIVE;
				CLANG_CXX_LANGUAGE_STANDARD = "gnu++14";
				CLANG_CXX_LIBRARY = "libc++";
				CLANG_ENABLE_MODULES = YES;
				CLANG_ENABLE_OBJC_ARC = YES;
				CLANG_ENABLE_OBJC_WEAK = YES;
				CLANG_WARN_BLOCK_CAPTURE_AUTORELEASING = YES;
				CLANG_WARN_BOOL_CONVERSION = YES;
				CLANG_WARN_COMMA = YES;
				CLANG_WARN_CONSTANT_CONVERSION = YES;
				CLANG_WARN_DEPRECATED_OBJC_IMPLEMENTATIONS = YES;
				CLANG_WARN_DIRECT_OBJC_ISA_USAGE = YES_ERROR;
				CLANG_WARN_DOCUMENTATION_COMMENTS = YES;
				CLANG_WARN_EMPTY_BODY = YES;
				CLANG_WARN_ENUM_CONVERSION = YES;
				CLANG_WARN_INFINITE_RECURSION = YES;
				CLANG_WARN_INT_CONVERSION = YES;
				CLANG_WARN_NON_LITERAL_NULL_CONVERSION = YES;
				CLANG_WARN_OBJC_IMPLICIT_RETAIN_SELF = YES;
				CLANG_WARN_OBJC_LITERAL_CONVERSION = YES;
				CLANG_WARN_OBJC_ROOT_CLASS = YES_ERROR;
				CLANG_WARN_RANGE_LOOP_ANALYSIS = YES;
				CLANG_WARN_STRICT_PROTOTYPES = YES;
				CLANG_WARN_SUSPICIOUS_MOVE = YES;
				CLANG_WARN_UNGUARDED_AVAILABILITY = YES_AGGRESSIVE;
				CLANG_WARN_UNREACHABLE_CODE = YES;
				CLANG_WARN__DUPLICATE_METHOD_MATCH = YES;
				CODE_SIGN_IDENTITY = "iPhone Developer";
				COPY_PHASE_STRIP = NO;
				DEBUG_INFORMATION_FORMAT = dwarf;
				ENABLE_STRICT_OBJC_MSGSEND = YES;
				ENABLE_TESTABILITY = YES;
				GCC_C_LANGUAGE_STANDARD = gnu11;
				GCC_DYNAMIC_NO_PIC = NO;
				GCC_NO_COMMON_BLOCKS = YES;
				GCC_OPTIMIZATION_LEVEL = 0;
				GCC_PREPROCESSOR_DEFINITIONS = (
					"DEBUG=1",
					"$(inherited)",
				);
				GCC_WARN_64_TO_32_BIT_CONVERSION = YES;
				GCC_WARN_ABOUT_RETURN_TYPE = YES_ERROR;
				GCC_WARN_UNDECLARED_SELECTOR = YES;
				GCC_WARN_UNINITIALIZED_AUTOS = YES_AGGRESSIVE;
				GCC_WARN_UNUSED_FUNCTION = YES;
				GCC_WARN_UNUSED_VARIABLE = YES;
				IPHONEOS_DEPLOYMENT_TARGET = 12.2;
				MTL_ENABLE_DEBUG_INFO = INCLUDE_SOURCE;
				MTL_FAST_MATH = YES;
				ONLY_ACTIVE_ARCH = YES;
				SDKROOT = iphoneos;
				SWIFT_ACTIVE_COMPILATION_CONDITIONS = DEBUG;
				SWIFT_OPTIMIZATION_LEVEL = "-Onone";
			};
			name = Debug;
		};
		7553C7AD22CDD0780058239B /* Release */ = {
			isa = XCBuildConfiguration;
			buildSettings = {
				ALWAYS_SEARCH_USER_PATHS = NO;
				CLANG_ANALYZER_NONNULL = YES;
				CLANG_ANALYZER_NUMBER_OBJECT_CONVERSION = YES_AGGRESSIVE;
				CLANG_CXX_LANGUAGE_STANDARD = "gnu++14";
				CLANG_CXX_LIBRARY = "libc++";
				CLANG_ENABLE_MODULES = YES;
				CLANG_ENABLE_OBJC_ARC = YES;
				CLANG_ENABLE_OBJC_WEAK = YES;
				CLANG_WARN_BLOCK_CAPTURE_AUTORELEASING = YES;
				CLANG_WARN_BOOL_CONVERSION = YES;
				CLANG_WARN_COMMA = YES;
				CLANG_WARN_CONSTANT_CONVERSION = YES;
				CLANG_WARN_DEPRECATED_OBJC_IMPLEMENTATIONS = YES;
				CLANG_WARN_DIRECT_OBJC_ISA_USAGE = YES_ERROR;
				CLANG_WARN_DOCUMENTATION_COMMENTS = YES;
				CLANG_WARN_EMPTY_BODY = YES;
				CLANG_WARN_ENUM_CONVERSION = YES;
				CLANG_WARN_INFINITE_RECURSION = YES;
				CLANG_WARN_INT_CONVERSION = YES;
				CLANG_WARN_NON_LITERAL_NULL_CONVERSION = YES;
				CLANG_WARN_OBJC_IMPLICIT_RETAIN_SELF = YES;
				CLANG_WARN_OBJC_LITERAL_CONVERSION = YES;
				CLANG_WARN_OBJC_ROOT_CLASS = YES_ERROR;
				CLANG_WARN_RANGE_LOOP_ANALYSIS = YES;
				CLANG_WARN_STRICT_PROTOTYPES = YES;
				CLANG_WARN_SUSPICIOUS_MOVE = YES;
				CLANG_WARN_UNGUARDED_AVAILABILITY = YES_AGGRESSIVE;
				CLANG_WARN_UNREACHABLE_CODE = YES;
				CLANG_WARN__DUPLICATE_METHOD_MATCH = YES;
				CODE_SIGN_IDENTITY = "iPhone Developer";
				COPY_PHASE_STRIP = NO;
				DEBUG_INFORMATION_FORMAT = "dwarf-with-dsym";
				ENABLE_NS_ASSERTIONS = NO;
				ENABLE_STRICT_OBJC_MSGSEND = YES;
				GCC_C_LANGUAGE_STANDARD = gnu11;
				GCC_NO_COMMON_BLOCKS = YES;
				GCC_WARN_64_TO_32_BIT_CONVERSION = YES;
				GCC_WARN_ABOUT_RETURN_TYPE = YES_ERROR;
				GCC_WARN_UNDECLARED_SELECTOR = YES;
				GCC_WARN_UNINITIALIZED_AUTOS = YES_AGGRESSIVE;
				GCC_WARN_UNUSED_FUNCTION = YES;
				GCC_WARN_UNUSED_VARIABLE = YES;
				IPHONEOS_DEPLOYMENT_TARGET = 12.2;
				MTL_ENABLE_DEBUG_INFO = NO;
				MTL_FAST_MATH = YES;
				SDKROOT = iphoneos;
				SWIFT_COMPILATION_MODE = wholemodule;
				SWIFT_OPTIMIZATION_LEVEL = "-O";
				VALIDATE_PRODUCT = YES;
			};
			name = Release;
		};
		7553C7AF22CDD0780058239B /* Debug */ = {
			isa = XCBuildConfiguration;
			baseConfigurationReference = F655F9EC8B8281E25C9D177C /* Pods-QXTextView.debug.xcconfig */;
			buildSettings = {
				ASSETCATALOG_COMPILER_APPICON_NAME = AppIcon;
				CODE_SIGN_STYLE = Automatic;
				DEVELOPMENT_TEAM = 4S3D2DBDGU;
				INFOPLIST_FILE = QXTextView/Info.plist;
				IPHONEOS_DEPLOYMENT_TARGET = 8.0;
				LD_RUNPATH_SEARCH_PATHS = (
					"$(inherited)",
					"@executable_path/Frameworks",
				);
				PRODUCT_BUNDLE_IDENTIFIER = com.labi3285.QXTextView;
				PRODUCT_NAME = "$(TARGET_NAME)";
				SWIFT_VERSION = 5.0;
				TARGETED_DEVICE_FAMILY = "1,2";
			};
			name = Debug;
		};
		7553C7B022CDD0780058239B /* Release */ = {
			isa = XCBuildConfiguration;
			baseConfigurationReference = A8E47BE4E0F1E20DC3CD5DD9 /* Pods-QXTextView.release.xcconfig */;
			buildSettings = {
				ASSETCATALOG_COMPILER_APPICON_NAME = AppIcon;
				CODE_SIGN_STYLE = Automatic;
				DEVELOPMENT_TEAM = 4S3D2DBDGU;
				INFOPLIST_FILE = QXTextView/Info.plist;
				IPHONEOS_DEPLOYMENT_TARGET = 8.0;
				LD_RUNPATH_SEARCH_PATHS = (
					"$(inherited)",
					"@executable_path/Frameworks",
				);
				PRODUCT_BUNDLE_IDENTIFIER = com.labi3285.QXTextView;
				PRODUCT_NAME = "$(TARGET_NAME)";
				SWIFT_VERSION = 5.0;
				TARGETED_DEVICE_FAMILY = "1,2";
			};
			name = Release;
		};
/* End XCBuildConfiguration section */

/* Begin XCConfigurationList section */
		7553C79722CDD0770058239B /* Build configuration list for PBXProject "QXTextView" */ = {
			isa = XCConfigurationList;
			buildConfigurations = (
				7553C7AC22CDD0780058239B /* Debug */,
				7553C7AD22CDD0780058239B /* Release */,
			);
			defaultConfigurationIsVisible = 0;
			defaultConfigurationName = Release;
		};
		7553C7AE22CDD0780058239B /* Build configuration list for PBXNativeTarget "QXTextView" */ = {
			isa = XCConfigurationList;
			buildConfigurations = (
				7553C7AF22CDD0780058239B /* Debug */,
				7553C7B022CDD0780058239B /* Release */,
			);
			defaultConfigurationIsVisible = 0;
			defaultConfigurationName = Release;
		};
/* End XCConfigurationList section */
	};
	rootObject = 7553C79422CDD0770058239B /* Project object */;
}
